
Microsoft Visual Studio Solution File, Format Version 12.00
# Visual Studio 14
VisualStudioVersion = 14.0.23107.0
MinimumVisualStudioVersion = 10.0.40219.1
Project("{FAE04EC0-301F-11D3-BF4B-00C04F79EFBC}") = "Fractal1", "Fractal1\Fractal1.csproj", "{F1F6F294-EEAC-42FE-89DE-7F3AF84D6296}"
EndProject
Project("{FAE04EC0-301F-11D3-BF4B-00C04F79EFBC}") = "Fractal1Tests", "Fractal1Tests\Fractal1Tests.csproj", "{78BACED0-A0E8-44B5-8D14-CA1CB6F7149E}"
EndProject
Global
	GlobalSection(SolutionConfigurationPlatforms) = preSolution
		Debug|Any CPU = Debug|Any CPU
		Release|Any CPU = Release|Any CPU
	EndGlobalSection
	GlobalSection(ProjectConfigurationPlatforms) = postSolution
		{F1F6F294-EEAC-42FE-89DE-7F3AF84D6296}.Debug|Any CPU.ActiveCfg = Debug|Any CPU
		{F1F6F294-EEAC-42FE-89DE-7F3AF84D6296}.Debug|Any CPU.Build.0 = Debug|Any CPU
		{F1F6F294-EEAC-42FE-89DE-7F3AF84D6296}.Release|Any CPU.ActiveCfg = Release|Any CPU
		{F1F6F294-EEAC-42FE-89DE-7F3AF84D6296}.Release|Any CPU.Build.0 = Release|Any CPU
		{78BACED0-A0E8-44B5-8D14-CA1CB6F7149E}.Debug|Any CPU.ActiveCfg = Debug|Any CPU
		{78BACED0-A0E8-44B5-8D14-CA1CB6F7149E}.Debug|Any CPU.Build.0 = Debug|Any CPU
		{78BACED0-A0E8-44B5-8D14-CA1CB6F7149E}.Release|Any CPU.ActiveCfg = Release|Any CPU
		{78BACED0-A0E8-44B5-8D14-CA1CB6F7149E}.Release|Any CPU.Build.0 = Release|Any CPU
	EndGlobalSection
	GlobalSection(SolutionProperties) = preSolution
		HideSolutionNode = FALSE
	EndGlobalSection
EndGlobal
